{
    "_meta": {
        "hash": {
            "sha256": "b65c7261a6221fbe1061d59d0be00c3606a9576073c504dbea2cd61bf1b81c02"
        },
        "pipfile-spec": 6,
        "requires": {
            "python_version": "3.7"
        },
        "sources": [
            {
                "name": "pypi",
                "url": "https://pypi.org/simple",
                "verify_ssl": true
            }
        ]
    },
    "default": {
        "appdirs": {
            "hashes": [
                "sha256:7d5d0167b2b1ba821647616af46a749d1c653740dd0d2415100fe26e27afdf41",
                "sha256:a841dacd6b99318a741b166adb07e19ee71a274450e68237b4650ca1055ab128"
            ],
            "version": "==1.4.4"
        },
        "attrs": {
            "hashes": [
                "sha256:31b2eced602aa8423c2aea9c76a724617ed67cf9513173fd3a4f03e3a929c7e6",
                "sha256:832aa3cde19744e49938b91fea06d69ecb9e649c93ba974535d08ad92164f700"
            ],
            "markers": "python_version >= '2.7' and python_version not in '3.0, 3.1, 3.2, 3.3'",
            "version": "==20.3.0"
        },
        "babelfont": {
            "hashes": [
                "sha256:2d3506284aef1e00fc5d3f5c141d3fbd64e2e23ea03ab2be7b1cd3f318fa23fd",
                "sha256:ced440b0cb015bc9e10376ba4175fe8f317401bb8945b6dea574c3d9bd23df14"
            ],
            "markers": "python_version >= '3.5'",
            "version": "==0.4.0"
        },
        "beziers": {
            "hashes": [
                "sha256:9a8b274dcd590dd8ef5efec64c86d759ac7ce7e35ceaf1e2897b5d332c2ca6c1",
                "sha256:c263816f79f85af42f86b9472da3077ca0083e0d484bf8369dbd0b6599c273f1"
            ],
            "version": "==0.1.0"
        },
        "bidict": {
            "hashes": [
                "sha256:4fa46f7ff96dc244abfc437383d987404ae861df797e2fd5b190e233c302be09",
                "sha256:929d056e8d0d9b17ceda20ba5b24ac388e2a4d39802b87f9f4d3f45ecba070bf"
            ],
            "markers": "python_version >= '3.6'",
            "version": "==0.21.2"
        },
        "booleanoperations": {
            "hashes": [
                "sha256:86c291c2fba9faedff6f007c932d7f242dd9b4304e9c6ca8149f864d07877a59",
                "sha256:8cfa821c32ad374fa120d6b2e0b444ebeac57c91e6631528645fa19ac2a281b8"
            ],
            "markers": "python_version >= '3.6'",
            "version": "==0.9.0"
        },
        "certifi": {
            "hashes": [
                "sha256:1f422849db327d534e3d0c5f02a263458c3955ec0aae4ff09b95f195c59f4edd",
                "sha256:f05def092c44fbf25834a51509ef6e631dc19765ab8a57b4e7ab85531f0a9cf4"
            ],
            "version": "==2020.11.8"
        },
        "cffsubr": {
            "hashes": [
                "sha256:2bbb3465427e6ec314e7285648c2990ca1d9870e482a0b1e979f70ccda9f4f9a",
                "sha256:30a59b59f67673e03b211e011456cd79e761297972ec4bb67f767807c7117f06",
                "sha256:88a1520fa0f25f2334812c031ddba02dbce06cd6af0629a51204cb2066a3ec5c",
                "sha256:c30a35d2ffcc2d23826757cba9917884cbdb999760d847c6d83b708ebb80c973",
                "sha256:d0c7e740343c9a401b7907b956be43a1c3413656be48a9fcf175bf1a2712f389"
            ],
            "version": "==0.2.7"
        },
        "chardet": {
            "hashes": [
                "sha256:84ab92ed1c4d4f16916e05906b6b75a6c0fb5db821cc65e70cbd64a3e2a5eaae",
                "sha256:fc323ffcaeaed0e0a02bf4d117757b98aed530d9ed4531e3e15460124c106691"
            ],
            "version": "==3.0.4"
        },
        "compreffor": {
            "hashes": [
                "sha256:0813de14f3cc083d5eac2d1d127fedb1bb804c106d384360781df9622e1c0019",
                "sha256:1c51eecdb7d225f9b103005e0c249811ac36a417c6f18584ccb393047efdd203",
                "sha256:7645d99977987f6860a6b096586f1248d5258eba9e5c98ff56ea475abdf49b6e",
                "sha256:81e9aef6850f565552c33eab3c6f1f6d71362a2e2e300635d7100b24f31f71d0",
                "sha256:883faab722a90458e7fb81ccf1f0f34aa045b53c4e2363134ba1ba8c76f61066",
                "sha256:889e7cdb615b4f9c6dbb6559637d7fccb69fef0980329ead6ac4980d26844180",
                "sha256:92417091887a582ae27e53828c84e366fffbfe43f573d0962d0f1e8af0984be8",
                "sha256:9ee89643131269c1b2356504245ffe7242df1cca2822271e83845afe56b45439",
                "sha256:b804999e0c256094e28a9cbb9306f6031b7cf6884bbb98fd44ad70eed6c4c2fd",
                "sha256:c1291ba24c1a7bbcd8ac8323c90795423320cef8f5353f8e37e31336e8011d89",
                "sha256:d0ed1c17b13599c387fad824ef2b74e9a367fdffe008c1b7aa65ffb1ac877cee",
                "sha256:df367eb37dac0478b7ee2206142995ab5f678bcac9013d46b80933fa62c58efb",
                "sha256:ed6873d08ff398db2547a34ea74cee7d8f59fb05fc0a1440c367cef4bfe55283"
            ],
            "markers": "python_version >= '3.6'",
            "version": "==0.5.0"
        },
        "cu2qu": {
            "hashes": [
                "sha256:015bac360cdabd9698e40068444017ce0bb18338dc37e598905c437a61f1eb19",
                "sha256:111303caedb3f37dfd05c23327a7d0cc715e6b785dcde403af4984d43cf68430",
                "sha256:1337a4dc510c019c11936e3335396b7eae633b4ca1af3e3e720109a54c29e457",
                "sha256:135174357d1ca0e7913c7e76463761573d0034441b5dab7f37bc260d076e7c47",
                "sha256:1975303591ccbe12f78b8204db39273e66dde5504cd5622238353cbd939ed4e6",
                "sha256:1ee0aef065ee48fa7a50244a10b0c9fd2a1bfea5f59595a6cee55e5e821d3503",
                "sha256:29dabbe8fdb2a7e2334cb65e56acfe7caee257b64784c038823622eb4e427f43",
                "sha256:34c7db39ab60f4f5c02d9f9fe0ddf69b5b56d243dd20c1b18128a66f0d69e50d",
                "sha256:43739dcfe55f5ad754d5b54a51de282668f7f4b9157c624a781a7622591c6e06",
                "sha256:46c5855a3214cafc876472e88b328590ccefc25ba4ae34b4ad144e7a7637eed4",
                "sha256:559e962539c27a2964e7a2693c7053eacdabf771f0103e83baaadfa567bd8139",
                "sha256:5c65762ed60db1db37d6d21981b68e0e6acbaac9e9e8f6f3debc76d032596ddd",
                "sha256:60660b80fba8f18415c99bc41a64e3fcfd5f2f74f4bf525ca7b6b7d8ef2474bc",
                "sha256:72a2de373dc082364b692899480353149c8d3cc3c5877b15a51d2e419243855c",
                "sha256:88f17f7abc657bfd67ddcec0650d11b7a67cd28eae1bc5df8ca71551f8aee776",
                "sha256:8c358275b79334a8755233b48c1c265a4ff53aa3d4f360dfcc58ad6ad6114ed9",
                "sha256:9358083ccecaceda3371ff9f2cf0783b3e5e55acd4b46a1dd572b008352d51f9",
                "sha256:a8127ecb837e189ac5e24902a46a99ac4ff0e9f0896a99b28bb76f02458bbc91",
                "sha256:abf8312bb789431aba8df813c99751b478ee238a2898184da9d2f0b9a96ba451",
                "sha256:ac8e1a99a7931fcc39ea19f8cbb8e75091ab7f1456e75dd7e9da372355838154",
                "sha256:c507cd0a3d0c6cb501c2c889b88dea5a6d37c98f99dd54adc449e63c9904cf20",
                "sha256:d3c241332e8289e486856e8c55d4819e6e377edbea10ae6d698c492f25faace7",
                "sha256:f165179096a5a5c94376c6f599ac52a8d59cfe84becd2a2fafb56b134475a8e2"
            ],
            "version": "==1.6.7"
        },
        "dataclasses": {
            "hashes": [
                "sha256:454a69d788c7fda44efd71e259be79577822f5e3f53f029a22d08004e951dc9f",
                "sha256:6988bd2b895eef432d562370bb707d540f32f7360ab13da45340101bc2307d84"
            ],
            "version": "==0.6"
        },
        "defcon": {
            "extras": [
                "pens"
            ],
            "hashes": [
                "sha256:1967eaa23dcc8e1cbe3bd130aae4d9ddb72027b62d3e23eeb640065cfbd6d8d1",
                "sha256:d00f91c60c4a411276dab30a9129e34a7a118f41493c4971541ad9287985807f"
            ],
            "markers": "python_version >= '3.6'",
            "version": "==0.7.2"
        },
        "font-v": {
            "hashes": [
                "sha256:5542d83656be4bd5cf44da2512fef99ba376788345a06bbba5a0d8dda6034351",
                "sha256:561f4adca51f1f5a7bb2c558da04e7c35fb9f40ffba9020ecf8c06168e153c5d"
            ],
            "index": "pypi",
            "version": "==1.0.5"
        },
        "fontfeatures": {
            "hashes": [
                "sha256:c33610ac868216e4ab0e795b32dbe9dc3f1e5dcd8c050046130cface6f870415",
                "sha256:d2bb4517b426ada53ab20245c5efc5bf166aa1d493baddf6139d495867890402"
            ],
            "index": "pypi",
            "version": "==0.10.0"
        },
        "fontmake": {
            "hashes": [
                "sha256:b64e70ec1084df778cc18d0ae4392d7627163e05c5131ac8ed3f6c2663ea9035",
                "sha256:ef6115abe674f2fd4d76e12e2d09eebdf6ffa014bcdbddc05abde550d36e8ff4"
            ],
            "index": "pypi",
            "version": "==2.2.1"
        },
        "fontmath": {
            "hashes": [
                "sha256:5a93002bfdcacd16b117b498f6e5ffa5d8fd263ccd8c587d9aa553e965c3ad27",
                "sha256:c823e0e607866f0740ba17f1933e7004a472879af1211f6751bda6b532c47c9d"
            ],
            "version": "==0.6.0"
        },
        "fontparts": {
            "git": "https://github.com/robotools/fontParts.git",
            "ref": "170a2f738db695cee2a9e3ddf369358f55942e1b"
        },
        "fontpens": {
            "hashes": [
                "sha256:a6d9a14573b3450f3313d69523f9006028c21fc7aef5d35333b87aab7f2b41fd",
                "sha256:cdef727e49b54ac6228f8fa087ee539258f7b0a6f0accb63cbf31d4bfc437ce7"
            ],
            "version": "==0.2.4"
        },
        "fonttools": {
            "extras": [
                "lxml",
                "ufo",
                "unicode"
            ],
            "hashes": [
                "sha256:7097b194babc05c8decfff6cbc81b184221fdcfbda568630fe441c63dadb3ab4",
                "sha256:b3f8132c13fa51c7d1a2b3006e2885d91f12674dd2d463f5357a97babdf37574"
            ],
            "markers": "python_version >= '3.6'",
            "version": "==4.17.1"
        },
        "fs": {
            "hashes": [
                "sha256:cc99d476b500f993df8ef697b96dc70928ca2946a455c396a566efe021126767",
                "sha256:cd6b178f373a0370feac8612fd3c142aa6a5cadd3d471b525b08db4d3b511c9c"
            ],
            "version": "==2.4.11"
        },
        "gitdb": {
            "hashes": [
                "sha256:91f36bfb1ab7949b3b40e23736db18231bf7593edada2ba5c3a174a7b23657ac",
                "sha256:c9e1f2d0db7ddb9a704c2a0217be31214e91a4fe1dea1efad19ae42ba0c285c9"
            ],
            "markers": "python_version >= '3.4'",
            "version": "==4.0.5"
        },
        "gitpython": {
            "hashes": [
                "sha256:6eea89b655917b500437e9668e4a12eabdcf00229a0df1762aabd692ef9b746b",
                "sha256:befa4d101f91bad1b632df4308ec64555db684c360bd7d2130b4807d49ce86b8"
            ],
            "markers": "python_version >= '3.4'",
            "version": "==3.1.11"
        },
        "glyphslib": {
            "hashes": [
                "sha256:259b3b4d4455e0018ac36db679c2e7a51c3ee309c13dbd11f5161775b191380b",
                "sha256:486e6b5af098c5411091ba27abe9c9620cdfef5d8505c630674fc3697e7809f6"
            ],
            "markers": "python_version >= '3.6'",
            "version": "==5.2.0"
        },
        "glyphtools": {
            "hashes": [
                "sha256:32bd63a4a0c8a6dceaee277844a8a4f1cf8ad2acf1436647b2b7b4e9b23a8899",
                "sha256:5f8c1c532d2762c531e6dbde562f4ed6a2845dbfce7021b9270782ffa709149d"
            ],
            "markers": "python_version >= '3.5'",
            "version": "==0.5.2"
        },
        "idna": {
            "hashes": [
                "sha256:b307872f855b18632ce0c21c5e45be78c0ea7ae4c15c828c20788b26921eb3f6",
                "sha256:b97d804b1e9b523befed77c48dacec60e6dcb0b5391d57af6a65a312a90648c0"
            ],
            "markers": "python_version >= '2.7' and python_version not in '3.0, 3.1, 3.2, 3.3'",
            "version": "==2.10"
        },
        "lxml": {
            "hashes": [
                "sha256:0448576c148c129594d890265b1a83b9cd76fd1f0a6a04620753d9a6bcfd0a4d",
                "sha256:127f76864468d6630e1b453d3ffbbd04b024c674f55cf0a30dc2595137892d37",
                "sha256:1471cee35eba321827d7d53d104e7b8c593ea3ad376aa2df89533ce8e1b24a01",
                "sha256:2363c35637d2d9d6f26f60a208819e7eafc4305ce39dc1d5005eccc4593331c2",
                "sha256:2e5cc908fe43fe1aa299e58046ad66981131a66aea3129aac7770c37f590a644",
                "sha256:2e6fd1b8acd005bd71e6c94f30c055594bbd0aa02ef51a22bbfa961ab63b2d75",
                "sha256:366cb750140f221523fa062d641393092813b81e15d0e25d9f7c6025f910ee80",
                "sha256:42ebca24ba2a21065fb546f3e6bd0c58c3fe9ac298f3a320147029a4850f51a2",
                "sha256:4e751e77006da34643ab782e4a5cc21ea7b755551db202bc4d3a423b307db780",
                "sha256:4fb85c447e288df535b17ebdebf0ec1cf3a3f1a8eba7e79169f4f37af43c6b98",
                "sha256:50c348995b47b5a4e330362cf39fc503b4a43b14a91c34c83b955e1805c8e308",
                "sha256:535332fe9d00c3cd455bd3dd7d4bacab86e2d564bdf7606079160fa6251caacf",
                "sha256:535f067002b0fd1a4e5296a8f1bf88193080ff992a195e66964ef2a6cfec5388",
                "sha256:5be4a2e212bb6aa045e37f7d48e3e1e4b6fd259882ed5a00786f82e8c37ce77d",
                "sha256:60a20bfc3bd234d54d49c388950195d23a5583d4108e1a1d47c9eef8d8c042b3",
                "sha256:648914abafe67f11be7d93c1a546068f8eff3c5fa938e1f94509e4a5d682b2d8",
                "sha256:681d75e1a38a69f1e64ab82fe4b1ed3fd758717bed735fb9aeaa124143f051af",
                "sha256:68a5d77e440df94011214b7db907ec8f19e439507a70c958f750c18d88f995d2",
                "sha256:69a63f83e88138ab7642d8f61418cf3180a4d8cd13995df87725cb8b893e950e",
                "sha256:6e4183800f16f3679076dfa8abf2db3083919d7e30764a069fb66b2b9eff9939",
                "sha256:6fd8d5903c2e53f49e99359b063df27fdf7acb89a52b6a12494208bf61345a03",
                "sha256:791394449e98243839fa822a637177dd42a95f4883ad3dec2a0ce6ac99fb0a9d",
                "sha256:7a7669ff50f41225ca5d6ee0a1ec8413f3a0d8aa2b109f86d540887b7ec0d72a",
                "sha256:7e9eac1e526386df7c70ef253b792a0a12dd86d833b1d329e038c7a235dfceb5",
                "sha256:7ee8af0b9f7de635c61cdd5b8534b76c52cd03536f29f51151b377f76e214a1a",
                "sha256:8246f30ca34dc712ab07e51dc34fea883c00b7ccb0e614651e49da2c49a30711",
                "sha256:8c88b599e226994ad4db29d93bc149aa1aff3dc3a4355dd5757569ba78632bdf",
                "sha256:923963e989ffbceaa210ac37afc9b906acebe945d2723e9679b643513837b089",
                "sha256:94d55bd03d8671686e3f012577d9caa5421a07286dd351dfef64791cf7c6c505",
                "sha256:97db258793d193c7b62d4e2586c6ed98d51086e93f9a3af2b2034af01450a74b",
                "sha256:a9d6bc8642e2c67db33f1247a77c53476f3a166e09067c0474facb045756087f",
                "sha256:cd11c7e8d21af997ee8079037fff88f16fda188a9776eb4b81c7e4c9c0a7d7fc",
                "sha256:d8d3d4713f0c28bdc6c806a278d998546e8efc3498949e3ace6e117462ac0a5e",
                "sha256:e0bfe9bb028974a481410432dbe1b182e8191d5d40382e5b8ff39cdd2e5c5931",
                "sha256:f4822c0660c3754f1a41a655e37cb4dbbc9be3d35b125a37fab6f82d47674ebc",
                "sha256:f83d281bb2a6217cd806f4cf0ddded436790e66f393e124dfe9731f6b3fb9afe",
                "sha256:fc37870d6716b137e80d19241d0e2cff7a7643b925dfa49b4c8ebd1295eb506e"
            ],
            "version": "==4.6.2"
        },
        "more-itertools": {
            "hashes": [
                "sha256:8e1a2a43b2f2727425f2b5839587ae37093f19153dc26c0927d1048ff6557330",
                "sha256:b3a9005928e5bed54076e6e549c792b306fddfe72b2d1d22dd63d42d5d3899cf"
            ],
            "markers": "python_version >= '3.5'",
            "version": "==8.6.0"
        },
        "numpy": {
            "hashes": [
                "sha256:08308c38e44cc926bdfce99498b21eec1f848d24c302519e64203a8da99a97db",
                "sha256:09c12096d843b90eafd01ea1b3307e78ddd47a55855ad402b157b6c4862197ce",
                "sha256:13d166f77d6dc02c0a73c1101dd87fdf01339febec1030bd810dcd53fff3b0f1",
                "sha256:141ec3a3300ab89c7f2b0775289954d193cc8edb621ea05f99db9cb181530512",
                "sha256:16c1b388cc31a9baa06d91a19366fb99ddbe1c7b205293ed072211ee5bac1ed2",
                "sha256:18bed2bcb39e3f758296584337966e68d2d5ba6aab7e038688ad53c8f889f757",
                "sha256:1aeef46a13e51931c0b1cf8ae1168b4a55ecd282e6688fdb0a948cc5a1d5afb9",
                "sha256:27d3f3b9e3406579a8af3a9f262f5339005dd25e0ecf3cf1559ff8a49ed5cbf2",
                "sha256:2a2740aa9733d2e5b2dfb33639d98a64c3b0f24765fed86b0fd2aec07f6a0a08",
                "sha256:4377e10b874e653fe96985c05feed2225c912e328c8a26541f7fc600fb9c637b",
                "sha256:448ebb1b3bf64c0267d6b09a7cba26b5ae61b6d2dbabff7c91b660c7eccf2bdb",
                "sha256:50e86c076611212ca62e5a59f518edafe0c0730f7d9195fec718da1a5c2bb1fc",
                "sha256:5734bdc0342aba9dfc6f04920988140fb41234db42381cf7ccba64169f9fe7ac",
                "sha256:64324f64f90a9e4ef732be0928be853eee378fd6a01be21a0a8469c4f2682c83",
                "sha256:6ae6c680f3ebf1cf7ad1d7748868b39d9f900836df774c453c11c5440bc15b36",
                "sha256:6d7593a705d662be5bfe24111af14763016765f43cb6923ed86223f965f52387",
                "sha256:8cac8790a6b1ddf88640a9267ee67b1aee7a57dfa2d2dd33999d080bc8ee3a0f",
                "sha256:8ece138c3a16db8c1ad38f52eb32be6086cc72f403150a79336eb2045723a1ad",
                "sha256:9eeb7d1d04b117ac0d38719915ae169aa6b61fca227b0b7d198d43728f0c879c",
                "sha256:a09f98011236a419ee3f49cedc9ef27d7a1651df07810ae430a6b06576e0b414",
                "sha256:a5d897c14513590a85774180be713f692df6fa8ecf6483e561a6d47309566f37",
                "sha256:ad6f2ff5b1989a4899bf89800a671d71b1612e5ff40866d1f4d8bcf48d4e5764",
                "sha256:c42c4b73121caf0ed6cd795512c9c09c52a7287b04d105d112068c1736d7c753",
                "sha256:cb1017eec5257e9ac6209ac172058c430e834d5d2bc21961dceeb79d111e5909",
                "sha256:d6c7bb82883680e168b55b49c70af29b84b84abb161cbac2800e8fcb6f2109b6",
                "sha256:e452dc66e08a4ce642a961f134814258a082832c78c90351b75c41ad16f79f63",
                "sha256:e5b6ed0f0b42317050c88022349d994fe72bfe35f5908617512cd8c8ef9da2a9",
                "sha256:e9b30d4bd69498fc0c3fe9db5f62fffbb06b8eb9321f92cc970f2969be5e3949",
                "sha256:ec149b90019852266fec2341ce1db513b843e496d5a8e8cdb5ced1923a92faab",
                "sha256:edb01671b3caae1ca00881686003d16c2209e07b7ef8b7639f1867852b948f7c",
                "sha256:f0d3929fe88ee1c155129ecd82f981b8856c5d97bcb0d5f23e9b4242e79d1de3",
                "sha256:f29454410db6ef8126c83bd3c968d143304633d45dc57b51252afbd79d700893",
                "sha256:fe45becb4c2f72a0907c1d0246ea6449fe7a9e2293bb0e11c4e9a32bb0930a15",
                "sha256:fedbd128668ead37f33917820b704784aff695e0019309ad446a6d0b065b57e4"
            ],
            "markers": "python_version >= '3.6'",
            "version": "==1.19.4"
        },
        "parsley": {
            "hashes": [
                "sha256:9444278d47161d5f2be76a767809a3cbe6db4db822f46a4fd7481d4057208d41",
                "sha256:c3bc417b8c7e3a96c87c0f2f751bfd784ed5156ffccebe2f84330df5685f8dc3"
            ],
            "version": "==1.3"
        },
        "pyclipper": {
            "hashes": [
                "sha256:043979535d44f5113dc96f24c5fa12efd68f34e3a0eda4e36801d801dddc220a",
                "sha256:0c4f83da9bb01910dedc7c3dc8a7cbb97c573efc411d951bacfdc54cc233e51c",
                "sha256:0cbf11d80f897f64278a293edfb4ddfc2451c6f2c4262818b8862aed32099a87",
                "sha256:0d000a130e8f16954a80dcf692add6d0a10c29da632eefd9a6d58efe20da976f",
                "sha256:224b44d35de95157863294e2910c8b85d8a1670ebcef32a6fe25c5f99c919d1b",
                "sha256:2a9ac1498b9c2e1bec5df9a937eedc7645eb6d8036f6fd7cb88fd7d9c76a0eeb",
                "sha256:4be209362c21e73f4aa2c63f72c52bf269ec0ee5cbd4b0b846c827fe0567e6e6",
                "sha256:527c7d09bfe2b9a863f55b1aa6d87f8f1ec18cc8f631e0f6df110f5371f772dc",
                "sha256:559e4b9c912da3efaf55aa636f59410bb6230446cc718ade36a3d461a5e601f8",
                "sha256:6522077ef9dca61f9eae53803f47e2d8e885ebb41e87bed47eba340de92c2884",
                "sha256:6ae7a1eb4e070551cb5f9dd05560b38f396978d416d29c3f6574bbbae2c8fcc7",
                "sha256:70844627ffe3de3e4a1286a5468a29b8ef06f89d28d5d529c307213c14eedf86",
                "sha256:7550b2e153e3ba43fc6c025a1f301af1e7665e3bac2a840f3acd923e19bd2b1b",
                "sha256:7777bbd5464df80076906a98a88728008654cfcef4c3f8b38a0f62be5ea40933",
                "sha256:7a9035ca6732dcef3ef33f98d9a844bb5f2be16bd659300c38ef366aac2e3a47",
                "sha256:7d8471c2becd92d14e1826f43ad21c4eedf7cfb721095b55584ca37d9451bb29",
                "sha256:9a1f7208f66ee06b1b8a5baffa045cb1b57568a3afcec2dfb1adbef7b1fe8a55",
                "sha256:a59c04a297628863a896d4fbcadb9e8c89ce4afd586c7c4201d0a8ff40e3ca00",
                "sha256:a8d3d3bbef9aa517087bd1b1e311ab6a7126b6fd2399e0d48180bd3d2727c9a9",
                "sha256:a97f971507e0c7e59114e308bea0f14bce063b1d0c63097da4b3f50b0065cb0a",
                "sha256:ba521f10b0470319be0e145afa7e5b979a24f0d88159c1574e488cf919732da2",
                "sha256:c0023f1c0b0f4d0a92c07cb7b481c411e3534f262b9653e29774ffd4433dc32c",
                "sha256:c2d3eb6a1721a256030cf0ac5a25fc88bc348bbd00dded530b289ed5b55f8927",
                "sha256:d65af9c1bec0ed24f3cb8967c6beba3a7e58b83de8fc549e2064f54a30eabd16",
                "sha256:dcd213332e6a7c727e953f4805b6b42a6ecdf983398d09c8ce7b8a9e61c6d804",
                "sha256:eab62fd1461b4b78b68513bb69a5a3e03a9bd9907c2b2cd7f2f89316c77dc8eb",
                "sha256:faa924aa009f228cfb4b355615f398eaecaf384f1ebb2c45725f95fc87a55150",
                "sha256:fe85c64f2fd3fcd7d6515aa909b3e47f1751f522d741e763ba9a2c04f461c859"
            ],
            "version": "==1.2.0"
        },
        "pytz": {
            "hashes": [
                "sha256:3e6b7dd2d1e0a59084bcee14a17af60c5c562cdc16d828e8eba2e683d3a7e268",
                "sha256:5c55e189b682d420be27c6995ba6edce0c0a77dd67bfbe2ae6607134d5851ffd"
            ],
            "version": "==2020.4"
        },
        "pyyaml": {
            "hashes": [
                "sha256:73f099454b799e05e5ab51423c7bcf361c58d3206fa7b0d555426b1f4d9a3eaf",
                "sha256:6034f55dab5fea9e53f436aa68fa3ace2634918e8b5994d82f3621c04ff5ed2e",
                "sha256:06a0d7ba600ce0b2d2fe2e78453a470b5a6e000a985dd4a4e54e436cc36b0e97",
                "sha256:69f00dca373f240f842b2931fb2c7e14ddbacd1397d57157a9b005a6a9942648",
                "sha256:ad9c67312c84def58f3c04504727ca879cb0013b2517c85a9a253f0cb6380c0a",
                "sha256:d13155f591e6fcc1ec3b30685d50bf0711574e2c0dfffd7644babf8b5102ca1a",
                "sha256:b8eac752c5e14d3eca0e6dd9199cd627518cb5ec06add0de9d32baeee6fe645d",
                "sha256:7739fc0fa8205b3ee8808aea45e968bc90082c10aef6ea95e855e10abf4a37b2",
                "sha256:95f71d2af0ff4227885f7a6605c37fd53d3a106fcab511b8860ecca9fcf400ee",
                "sha256:4f4b913ca1a7319b33cfb1369e91e50354d6f07a135f3b901aca02aa95940bd2",
                "sha256:cc8955cfbfc7a115fa81d85284ee61147059a753344bc51098f3ccd69b0d7e0c",
                "sha256:74809a57b329d6cc0fdccee6318f44b9b8649961fa73144a98735b0aaf029f1f",
                "sha256:240097ff019d7c70a4922b6869d8a86407758333f02203e0fc6ff79c5dcede76"
            ],
            "index": "pypi",
            "version": "==5.3.1"
        },
        "requests": {
            "hashes": [
                "sha256:7f1a0b932f4a60a1a65caa4263921bb7d9ee911957e0ae4a23a6dd08185ad5f8",
                "sha256:e786fa28d8c9154e6a4de5d46a1d921b8749f8b74e28bde23768e5e16eece998"
            ],
            "markers": "python_version >= '2.7' and python_version not in '3.0, 3.1, 3.2, 3.3, 3.4'",
            "version": "==2.25.0"
        },
        "six": {
            "hashes": [
                "sha256:30639c035cdb23534cd4aa2dd52c3bf48f06e5f4a941509c8bafd8ce11080259",
                "sha256:8b74bedcbbbaca38ff6d7491d76f2b06b3592611af620f8426e82dddb04a5ced"
            ],
            "markers": "python_version >= '2.7' and python_version not in '3.0, 3.1, 3.2, 3.3'",
            "version": "==1.15.0"
        },
        "smmap": {
            "hashes": [
                "sha256:54c44c197c819d5ef1991799a7e30b662d1e520f2ac75c9efbeb54a742214cf4",
                "sha256:9c98bbd1f9786d22f14b3d4126894d56befb835ec90cef151af566c7e19b5d24"
            ],
            "markers": "python_version >= '2.7' and python_version not in '3.0, 3.1, 3.2, 3.3'",
            "version": "==3.0.4"
        },
        "ufo2ft": {
            "extras": [
                "cffsubr"
            ],
            "hashes": [
                "sha256:8b644bea66b70537ab9f3a5c90c52e4bd1b9a380ecf81c37a95cf733e978ffcb",
                "sha256:95d1d85b4b970b7cdcaeab919c919a82a2c4be1e6beb46e5437208ed752ef74d"
            ],
            "markers": "python_version >= '3.6'",
            "version": "==2.18.1"
        },
        "ufolib2": {
            "hashes": [
                "sha256:c1d6d4bb69c71e54a4d330354b3f6169eab997171935cc5c79983bd04f0c555e",
                "sha256:f7f025b50f6d8d6d9b0087d55de4e3ac5a41218c3dae48416ca3b2423e650046"
            ],
            "markers": "python_version >= '3.6'",
            "version": "==0.10.0"
        },
        "unicodedata2": {
            "hashes": [
                "sha256:084186dfe2b7284d3e78d7120efde6df995f0ec9dea225bc70dafe103601a931",
                "sha256:08bed68570fe665f3627056cd7efc8d45f682d1ad442361f5e6caf2ed1c177ba",
                "sha256:102a9610e0947e125772ab228059c7e919b35237d6888a5fcdfbbb732a8e6a58",
                "sha256:147e9b3f9363d774e79ec11c5cb8d1bc4bc6043b7c98ed82656fcd6c95e26a7f",
                "sha256:14ce249af737e35bd7973d178b69a8ff4794841beca1b620dae1b6c22dd2f9d2",
                "sha256:26ad36d7a1c6ab652d66e29e844b4d2afd71c718d37a85140bba64b228eb3adc",
                "sha256:35c1eb9de478b72164e062c7cb67e7594e829fc7ff718cb5b125e6240257291a",
                "sha256:3600d241a189e543be50412ce53e02db3120d8cae4c3add38a6cc443e853903a",
                "sha256:4d2aed77b06c1b6e74a15c0d56c3af7d16072e4abf4dbe55635e7a7ceb123e88",
                "sha256:6fd926c8a3d0ab4b8f36c94df9a8540cb8a77221c8936a2f546483fbdf38b3e5",
                "sha256:741919f9f1794bb89934598167b85934bccb50900e246b3af8805570e816215d",
                "sha256:7ff3da0536bc9e447abbe702b8032b4469f6e9726ed66527eb9656b9a90f376c",
                "sha256:8c9a60d73d7baea980dc45d23e8a33d7734e94e2c8712ed68b46849e88683726",
                "sha256:92b5cc2ed195f03cf2fac1226cbc825f2df9f0cf2fc8b6f13d1292251bf6f6d6",
                "sha256:95173328ee8010f30bcfad6e69f47bc22256049e276bff29d28d8a52e65e0e70",
                "sha256:97aaa94497a6fcdc75f7afcc35eccd5061467298b600f473304582f32e27e30f",
                "sha256:a5e1ad768e8366b882b0bc3c7b06f48c14df6d3e75c25baccf7af11655e4d742",
                "sha256:a83e504fb0e8ed4757194e61c3f7b69fb3c914856057bea968d0950f80f947fa",
                "sha256:abecf04a0cc2c72d48173ddfc3dadf9397d64ce9724a08b0f052920707a5a9ec",
                "sha256:ba94e331ad771093bedd8341186d2f909dd7c8328dd99c15dc8f6d5730b38ab3",
                "sha256:cca8965804c9765a22f2bc7241a944cd58539c0b8d92f7933ec1cfc44804067a",
                "sha256:d4e3312b6c7b98516a52243023d6c74c986cd6ce2bcad65bfa895a2b0c905426",
                "sha256:da52826de69076a277d5460ee36d95db7cc1a12d4f2ffb45807dcaf0488094d9",
                "sha256:db2c63a214720caead3a8eba87b593558e0cb7dddbafaaa0a5d91f98553e8aad",
                "sha256:e3561d2a1ab55882723b78d9f91b7f98e708bfe3587982e67813947051db3502",
                "sha256:e5b992e4db51488a9756718f29cdad025cd2b7f6694d49524eca9723b21d000a",
                "sha256:f60ab375275073a8328f21e1bac0bf3b17956aff910c1f868befbbf78c3cd02f"
            ],
            "version": "==13.0.0.post2"
        },
        "urllib3": {
            "hashes": [
                "sha256:19188f96923873c92ccb987120ec4acaa12f0461fa9ce5d3d0772bc965a39e08",
                "sha256:d8ff90d979214d7b4f8ce956e80f4028fc6860e4431f731ea4a8c08f23f99473"
            ],
            "markers": "python_version >= '2.7' and python_version not in '3.0, 3.1, 3.2, 3.3, 3.4' and python_version < '4'",
            "version": "==1.26.2"
        },
        "youseedee": {
            "hashes": [
                "sha256:4fd21aa6da264694113831546cfee008954e44df650e7909ac02f4404bf5de4f",
                "sha256:596c1112230bdd154b6d6c962872933e16748ae8efd7cb2389b922cc9aabcab0"
            ],
            "version": "==0.3.0"
        }
    },
    "develop": {}
}
