{
    "_meta": {
        "hash": {
            "sha256": "532eea674af19fe38b230dc161c34a1b07051a88a08e30f2c5cd7badaf1f60be"
        },
        "pipfile-spec": 6,
        "requires": {
            "python_version": "3.7"
        },
        "sources": [
            {
                "name": "pypi",
                "url": "https://pypi.org/simple",
                "verify_ssl": true
            }
        ]
    },
    "default": {
        "appdirs": {
            "hashes": [
                "sha256:7d5d0167b2b1ba821647616af46a749d1c653740dd0d2415100fe26e27afdf41",
                "sha256:a841dacd6b99318a741b166adb07e19ee71a274450e68237b4650ca1055ab128"
            ],
            "version": "==1.4.4"
        },
        "attrs": {
            "hashes": [
                "sha256:31b2eced602aa8423c2aea9c76a724617ed67cf9513173fd3a4f03e3a929c7e6",
                "sha256:832aa3cde19744e49938b91fea06d69ecb9e649c93ba974535d08ad92164f700"
            ],
            "markers": "python_version >= '2.7' and python_version not in '3.0, 3.1, 3.2, 3.3'",
            "version": "==20.3.0"
        },
        "booleanoperations": {
            "hashes": [
                "sha256:86c291c2fba9faedff6f007c932d7f242dd9b4304e9c6ca8149f864d07877a59",
                "sha256:8cfa821c32ad374fa120d6b2e0b444ebeac57c91e6631528645fa19ac2a281b8"
            ],
            "markers": "python_version >= '3.6'",
            "version": "==0.9.0"
        },
        "cffsubr": {
            "hashes": [
                "sha256:2bbb3465427e6ec314e7285648c2990ca1d9870e482a0b1e979f70ccda9f4f9a",
                "sha256:30a59b59f67673e03b211e011456cd79e761297972ec4bb67f767807c7117f06",
                "sha256:88a1520fa0f25f2334812c031ddba02dbce06cd6af0629a51204cb2066a3ec5c",
                "sha256:c30a35d2ffcc2d23826757cba9917884cbdb999760d847c6d83b708ebb80c973",
                "sha256:d0c7e740343c9a401b7907b956be43a1c3413656be48a9fcf175bf1a2712f389"
            ],
            "version": "==0.2.7"
        },
        "compreffor": {
            "hashes": [
                "sha256:0813de14f3cc083d5eac2d1d127fedb1bb804c106d384360781df9622e1c0019",
                "sha256:1c51eecdb7d225f9b103005e0c249811ac36a417c6f18584ccb393047efdd203",
                "sha256:7645d99977987f6860a6b096586f1248d5258eba9e5c98ff56ea475abdf49b6e",
                "sha256:81e9aef6850f565552c33eab3c6f1f6d71362a2e2e300635d7100b24f31f71d0",
                "sha256:883faab722a90458e7fb81ccf1f0f34aa045b53c4e2363134ba1ba8c76f61066",
                "sha256:889e7cdb615b4f9c6dbb6559637d7fccb69fef0980329ead6ac4980d26844180",
                "sha256:92417091887a582ae27e53828c84e366fffbfe43f573d0962d0f1e8af0984be8",
                "sha256:9ee89643131269c1b2356504245ffe7242df1cca2822271e83845afe56b45439",
                "sha256:b804999e0c256094e28a9cbb9306f6031b7cf6884bbb98fd44ad70eed6c4c2fd",
                "sha256:c1291ba24c1a7bbcd8ac8323c90795423320cef8f5353f8e37e31336e8011d89",
                "sha256:d0ed1c17b13599c387fad824ef2b74e9a367fdffe008c1b7aa65ffb1ac877cee",
                "sha256:df367eb37dac0478b7ee2206142995ab5f678bcac9013d46b80933fa62c58efb",
                "sha256:ed6873d08ff398db2547a34ea74cee7d8f59fb05fc0a1440c367cef4bfe55283"
            ],
            "markers": "python_version >= '3.6'",
            "version": "==0.5.0"
        },
        "cu2qu": {
            "hashes": [
                "sha256:015bac360cdabd9698e40068444017ce0bb18338dc37e598905c437a61f1eb19",
                "sha256:111303caedb3f37dfd05c23327a7d0cc715e6b785dcde403af4984d43cf68430",
                "sha256:1337a4dc510c019c11936e3335396b7eae633b4ca1af3e3e720109a54c29e457",
                "sha256:135174357d1ca0e7913c7e76463761573d0034441b5dab7f37bc260d076e7c47",
                "sha256:1975303591ccbe12f78b8204db39273e66dde5504cd5622238353cbd939ed4e6",
                "sha256:1ee0aef065ee48fa7a50244a10b0c9fd2a1bfea5f59595a6cee55e5e821d3503",
                "sha256:29dabbe8fdb2a7e2334cb65e56acfe7caee257b64784c038823622eb4e427f43",
                "sha256:34c7db39ab60f4f5c02d9f9fe0ddf69b5b56d243dd20c1b18128a66f0d69e50d",
                "sha256:43739dcfe55f5ad754d5b54a51de282668f7f4b9157c624a781a7622591c6e06",
                "sha256:46c5855a3214cafc876472e88b328590ccefc25ba4ae34b4ad144e7a7637eed4",
                "sha256:559e962539c27a2964e7a2693c7053eacdabf771f0103e83baaadfa567bd8139",
                "sha256:5c65762ed60db1db37d6d21981b68e0e6acbaac9e9e8f6f3debc76d032596ddd",
                "sha256:60660b80fba8f18415c99bc41a64e3fcfd5f2f74f4bf525ca7b6b7d8ef2474bc",
                "sha256:72a2de373dc082364b692899480353149c8d3cc3c5877b15a51d2e419243855c",
                "sha256:88f17f7abc657bfd67ddcec0650d11b7a67cd28eae1bc5df8ca71551f8aee776",
                "sha256:8c358275b79334a8755233b48c1c265a4ff53aa3d4f360dfcc58ad6ad6114ed9",
                "sha256:9358083ccecaceda3371ff9f2cf0783b3e5e55acd4b46a1dd572b008352d51f9",
                "sha256:a8127ecb837e189ac5e24902a46a99ac4ff0e9f0896a99b28bb76f02458bbc91",
                "sha256:abf8312bb789431aba8df813c99751b478ee238a2898184da9d2f0b9a96ba451",
                "sha256:ac8e1a99a7931fcc39ea19f8cbb8e75091ab7f1456e75dd7e9da372355838154",
                "sha256:c507cd0a3d0c6cb501c2c889b88dea5a6d37c98f99dd54adc449e63c9904cf20",
                "sha256:d3c241332e8289e486856e8c55d4819e6e377edbea10ae6d698c492f25faace7",
                "sha256:f165179096a5a5c94376c6f599ac52a8d59cfe84becd2a2fafb56b134475a8e2"
            ],
            "version": "==1.6.7"
        },
        "defcon": {
            "extras": [
                "pens"
            ],
            "hashes": [
                "sha256:1967eaa23dcc8e1cbe3bd130aae4d9ddb72027b62d3e23eeb640065cfbd6d8d1",
                "sha256:d00f91c60c4a411276dab30a9129e34a7a118f41493c4971541ad9287985807f"
            ],
            "markers": "python_version >= '3.6'",
            "version": "==0.7.2"
        },
        "font-v": {
            "hashes": [
                "sha256:5542d83656be4bd5cf44da2512fef99ba376788345a06bbba5a0d8dda6034351",
                "sha256:561f4adca51f1f5a7bb2c558da04e7c35fb9f40ffba9020ecf8c06168e153c5d"
            ],
            "index": "pypi",
            "version": "==1.0.5"
        },
        "fontmake": {
            "hashes": [
                "sha256:b64e70ec1084df778cc18d0ae4392d7627163e05c5131ac8ed3f6c2663ea9035",
                "sha256:ef6115abe674f2fd4d76e12e2d09eebdf6ffa014bcdbddc05abde550d36e8ff4"
            ],
            "index": "pypi",
            "version": "==2.2.1"
        },
        "fontmath": {
            "hashes": [
                "sha256:5a93002bfdcacd16b117b498f6e5ffa5d8fd263ccd8c587d9aa553e965c3ad27",
                "sha256:c823e0e607866f0740ba17f1933e7004a472879af1211f6751bda6b532c47c9d"
            ],
            "version": "==0.6.0"
        },
        "fontparts": {
            "git": "https://github.com/robotools/fontParts.git",
            "ref": "170a2f738db695cee2a9e3ddf369358f55942e1b"
        },
        "fontpens": {
            "hashes": [
                "sha256:a6d9a14573b3450f3313d69523f9006028c21fc7aef5d35333b87aab7f2b41fd",
                "sha256:cdef727e49b54ac6228f8fa087ee539258f7b0a6f0accb63cbf31d4bfc437ce7"
            ],
            "version": "==0.2.4"
        },
        "fonttools": {
            "extras": [
                "lxml",
                "ufo",
                "unicode"
            ],
            "hashes": [
                "sha256:7097b194babc05c8decfff6cbc81b184221fdcfbda568630fe441c63dadb3ab4",
                "sha256:b3f8132c13fa51c7d1a2b3006e2885d91f12674dd2d463f5357a97babdf37574"
            ],
            "markers": "python_version >= '3.6'",
            "version": "==4.17.1"
        },
        "fs": {
            "hashes": [
                "sha256:cc99d476b500f993df8ef697b96dc70928ca2946a455c396a566efe021126767",
                "sha256:cd6b178f373a0370feac8612fd3c142aa6a5cadd3d471b525b08db4d3b511c9c"
            ],
            "version": "==2.4.11"
        },
        "gitdb": {
            "hashes": [
                "sha256:91f36bfb1ab7949b3b40e23736db18231bf7593edada2ba5c3a174a7b23657ac",
                "sha256:c9e1f2d0db7ddb9a704c2a0217be31214e91a4fe1dea1efad19ae42ba0c285c9"
            ],
            "markers": "python_version >= '3.4'",
            "version": "==4.0.5"
        },
        "gitpython": {
            "hashes": [
                "sha256:6eea89b655917b500437e9668e4a12eabdcf00229a0df1762aabd692ef9b746b",
                "sha256:befa4d101f91bad1b632df4308ec64555db684c360bd7d2130b4807d49ce86b8"
            ],
            "markers": "python_version >= '3.4'",
            "version": "==3.1.11"
        },
        "glyphslib": {
            "hashes": [
                "sha256:259b3b4d4455e0018ac36db679c2e7a51c3ee309c13dbd11f5161775b191380b",
                "sha256:486e6b5af098c5411091ba27abe9c9620cdfef5d8505c630674fc3697e7809f6"
            ],
            "markers": "python_version >= '3.6'",
            "version": "==5.2.0"
        },
        "lxml": {
            "hashes": [
                "sha256:098fb713b31050463751dcc694878e1d39f316b86366fb9fe3fbbe5396ac9fab",
                "sha256:0e89f5d422988c65e6936e4ec0fe54d6f73f3128c80eb7ecc3b87f595523607b",
                "sha256:189ad47203e846a7a4951c17694d845b6ade7917c47c64b29b86526eefc3adf5",
                "sha256:1d87936cb5801c557f3e981c9c193861264c01209cb3ad0964a16310ca1b3301",
                "sha256:211b3bcf5da70c2d4b84d09232534ad1d78320762e2c59dedc73bf01cb1fc45b",
                "sha256:2358809cc64394617f2719147a58ae26dac9e21bae772b45cfb80baa26bfca5d",
                "sha256:23c83112b4dada0b75789d73f949dbb4e8f29a0a3511647024a398ebd023347b",
                "sha256:24e811118aab6abe3ce23ff0d7d38932329c513f9cef849d3ee88b0f848f2aa9",
                "sha256:2d5896ddf5389560257bbe89317ca7bcb4e54a02b53a3e572e1ce4226512b51b",
                "sha256:2d6571c48328be4304aee031d2d5046cbc8aed5740c654575613c5a4f5a11311",
                "sha256:2e311a10f3e85250910a615fe194839a04a0f6bc4e8e5bb5cac221344e3a7891",
                "sha256:302160eb6e9764168e01d8c9ec6becddeb87776e81d3fcb0d97954dd51d48e0a",
                "sha256:3a7a380bfecc551cfd67d6e8ad9faa91289173bdf12e9cfafbd2bdec0d7b1ec1",
                "sha256:3d9b2b72eb0dbbdb0e276403873ecfae870599c83ba22cadff2db58541e72856",
                "sha256:475325e037fdf068e0c2140b818518cf6bc4aa72435c407a798b2db9f8e90810",
                "sha256:4b7572145054330c8e324a72d808c8c8fbe12be33368db28c39a255ad5f7fb51",
                "sha256:4fff34721b628cce9eb4538cf9a73d02e0f3da4f35a515773cce6f5fe413b360",
                "sha256:56eff8c6fb7bc4bcca395fdff494c52712b7a57486e4fbde34c31bb9da4c6cc4",
                "sha256:573b2f5496c7e9f4985de70b9bbb4719ffd293d5565513e04ac20e42e6e5583f",
                "sha256:7ecaef52fd9b9535ae5f01a1dd2651f6608e4ec9dc136fc4dfe7ebe3c3ddb230",
                "sha256:803a80d72d1f693aa448566be46ffd70882d1ad8fc689a2e22afe63035eb998a",
                "sha256:8862d1c2c020cb7a03b421a9a7b4fe046a208db30994fc8ff68c627a7915987f",
                "sha256:9b06690224258db5cd39a84e993882a6874676f5de582da57f3df3a82ead9174",
                "sha256:a71400b90b3599eb7bf241f947932e18a066907bf84617d80817998cee81e4bf",
                "sha256:bb252f802f91f59767dcc559744e91efa9df532240a502befd874b54571417bd",
                "sha256:be1ebf9cc25ab5399501c9046a7dcdaa9e911802ed0e12b7d620cd4bbf0518b3",
                "sha256:be7c65e34d1b50ab7093b90427cbc488260e4b3a38ef2435d65b62e9fa3d798a",
                "sha256:c0dac835c1a22621ffa5e5f999d57359c790c52bbd1c687fe514ae6924f65ef5",
                "sha256:c152b2e93b639d1f36ec5a8ca24cde4a8eefb2b6b83668fcd8e83a67badcb367",
                "sha256:d182eada8ea0de61a45a526aa0ae4bcd222f9673424e65315c35820291ff299c",
                "sha256:d18331ea905a41ae71596502bd4c9a2998902328bbabd29e3d0f5f8569fabad1",
                "sha256:d20d32cbb31d731def4b1502294ca2ee99f9249b63bc80e03e67e8f8e126dea8",
                "sha256:d4ad7fd3269281cb471ad6c7bafca372e69789540d16e3755dd717e9e5c9d82f",
                "sha256:d6f8c23f65a4bfe4300b85f1f40f6c32569822d08901db3b6454ab785d9117cc",
                "sha256:d84d741c6e35c9f3e7406cb7c4c2e08474c2a6441d59322a00dcae65aac6315d",
                "sha256:e65c221b2115a91035b55a593b6eb94aa1206fa3ab374f47c6dc10d364583ff9",
                "sha256:f98b6f256be6cec8dd308a8563976ddaff0bdc18b730720f6f4bee927ffe926f"
            ],
            "version": "==4.6.1"
        },
        "pyclipper": {
            "hashes": [
                "sha256:043979535d44f5113dc96f24c5fa12efd68f34e3a0eda4e36801d801dddc220a",
                "sha256:0c4f83da9bb01910dedc7c3dc8a7cbb97c573efc411d951bacfdc54cc233e51c",
                "sha256:0cbf11d80f897f64278a293edfb4ddfc2451c6f2c4262818b8862aed32099a87",
                "sha256:0d000a130e8f16954a80dcf692add6d0a10c29da632eefd9a6d58efe20da976f",
                "sha256:224b44d35de95157863294e2910c8b85d8a1670ebcef32a6fe25c5f99c919d1b",
                "sha256:2a9ac1498b9c2e1bec5df9a937eedc7645eb6d8036f6fd7cb88fd7d9c76a0eeb",
                "sha256:4be209362c21e73f4aa2c63f72c52bf269ec0ee5cbd4b0b846c827fe0567e6e6",
                "sha256:527c7d09bfe2b9a863f55b1aa6d87f8f1ec18cc8f631e0f6df110f5371f772dc",
                "sha256:559e4b9c912da3efaf55aa636f59410bb6230446cc718ade36a3d461a5e601f8",
                "sha256:6522077ef9dca61f9eae53803f47e2d8e885ebb41e87bed47eba340de92c2884",
                "sha256:6ae7a1eb4e070551cb5f9dd05560b38f396978d416d29c3f6574bbbae2c8fcc7",
                "sha256:70844627ffe3de3e4a1286a5468a29b8ef06f89d28d5d529c307213c14eedf86",
                "sha256:7550b2e153e3ba43fc6c025a1f301af1e7665e3bac2a840f3acd923e19bd2b1b",
                "sha256:7777bbd5464df80076906a98a88728008654cfcef4c3f8b38a0f62be5ea40933",
                "sha256:7a9035ca6732dcef3ef33f98d9a844bb5f2be16bd659300c38ef366aac2e3a47",
                "sha256:7d8471c2becd92d14e1826f43ad21c4eedf7cfb721095b55584ca37d9451bb29",
                "sha256:9a1f7208f66ee06b1b8a5baffa045cb1b57568a3afcec2dfb1adbef7b1fe8a55",
                "sha256:a59c04a297628863a896d4fbcadb9e8c89ce4afd586c7c4201d0a8ff40e3ca00",
                "sha256:a8d3d3bbef9aa517087bd1b1e311ab6a7126b6fd2399e0d48180bd3d2727c9a9",
                "sha256:a97f971507e0c7e59114e308bea0f14bce063b1d0c63097da4b3f50b0065cb0a",
                "sha256:ba521f10b0470319be0e145afa7e5b979a24f0d88159c1574e488cf919732da2",
                "sha256:c0023f1c0b0f4d0a92c07cb7b481c411e3534f262b9653e29774ffd4433dc32c",
                "sha256:c2d3eb6a1721a256030cf0ac5a25fc88bc348bbd00dded530b289ed5b55f8927",
                "sha256:d65af9c1bec0ed24f3cb8967c6beba3a7e58b83de8fc549e2064f54a30eabd16",
                "sha256:dcd213332e6a7c727e953f4805b6b42a6ecdf983398d09c8ce7b8a9e61c6d804",
                "sha256:eab62fd1461b4b78b68513bb69a5a3e03a9bd9907c2b2cd7f2f89316c77dc8eb",
                "sha256:faa924aa009f228cfb4b355615f398eaecaf384f1ebb2c45725f95fc87a55150",
                "sha256:fe85c64f2fd3fcd7d6515aa909b3e47f1751f522d741e763ba9a2c04f461c859"
            ],
            "version": "==1.2.0"
        },
        "pytz": {
            "hashes": [
                "sha256:3e6b7dd2d1e0a59084bcee14a17af60c5c562cdc16d828e8eba2e683d3a7e268",
                "sha256:5c55e189b682d420be27c6995ba6edce0c0a77dd67bfbe2ae6607134d5851ffd"
            ],
            "version": "==2020.4"
        },
        "pyyaml": {
            "hashes": [
                "sha256:06a0d7ba600ce0b2d2fe2e78453a470b5a6e000a985dd4a4e54e436cc36b0e97",
                "sha256:240097ff019d7c70a4922b6869d8a86407758333f02203e0fc6ff79c5dcede76",
                "sha256:4f4b913ca1a7319b33cfb1369e91e50354d6f07a135f3b901aca02aa95940bd2",
                "sha256:69f00dca373f240f842b2931fb2c7e14ddbacd1397d57157a9b005a6a9942648",
                "sha256:73f099454b799e05e5ab51423c7bcf361c58d3206fa7b0d555426b1f4d9a3eaf",
                "sha256:74809a57b329d6cc0fdccee6318f44b9b8649961fa73144a98735b0aaf029f1f",
                "sha256:7739fc0fa8205b3ee8808aea45e968bc90082c10aef6ea95e855e10abf4a37b2",
                "sha256:95f71d2af0ff4227885f7a6605c37fd53d3a106fcab511b8860ecca9fcf400ee",
                "sha256:b8eac752c5e14d3eca0e6dd9199cd627518cb5ec06add0de9d32baeee6fe645d",
                "sha256:cc8955cfbfc7a115fa81d85284ee61147059a753344bc51098f3ccd69b0d7e0c",
                "sha256:d13155f591e6fcc1ec3b30685d50bf0711574e2c0dfffd7644babf8b5102ca1a"
            ],
            "index": "pypi",
            "version": "==5.3.1"
        },
        "six": {
            "hashes": [
                "sha256:30639c035cdb23534cd4aa2dd52c3bf48f06e5f4a941509c8bafd8ce11080259",
                "sha256:8b74bedcbbbaca38ff6d7491d76f2b06b3592611af620f8426e82dddb04a5ced"
            ],
            "markers": "python_version >= '2.7' and python_version not in '3.0, 3.1, 3.2, 3.3'",
            "version": "==1.15.0"
        },
        "smmap": {
            "hashes": [
                "sha256:54c44c197c819d5ef1991799a7e30b662d1e520f2ac75c9efbeb54a742214cf4",
                "sha256:9c98bbd1f9786d22f14b3d4126894d56befb835ec90cef151af566c7e19b5d24"
            ],
            "markers": "python_version >= '2.7' and python_version not in '3.0, 3.1, 3.2, 3.3'",
            "version": "==3.0.4"
        },
        "typing-extensions": {
            "hashes": [
                "sha256:7cb407020f00f7bfc3cb3e7881628838e69d8f3fcab2f64742a5e76b2f841918",
                "sha256:99d4073b617d30288f569d3f13d2bd7548c3a7e4c8de87db09a9d29bb3a4a60c",
                "sha256:dafc7639cde7f1b6e1acc0f457842a83e722ccca8eef5270af2d74792619a89f"
            ],
            "markers": "python_version < '3.8'",
            "version": "==3.7.4.3"
        },
        "ufo2ft": {
            "extras": [
                "cffsubr"
            ],
            "hashes": [
                "sha256:5bc99bb08a1180f8a68bee823a914f71b4809442036f8a3642533aa330a32f85",
                "sha256:a77ed613bee1efb1ef4b0d1b0de5fb1ba656e8f7851726ba98acddbfae3ea574"
            ],
            "markers": "python_version >= '3.6'",
            "version": "==2.16.0"
        },
        "ufolib2": {
            "hashes": [
                "sha256:1ab84170f13ca2622103cb24f43db73a1107d41656c65fe65e70bd0c9a5edf69",
                "sha256:bbeece26d702049500f0b43702b7f34c2dafa518dac32eb3581bd83bcba6514e"
            ],
            "markers": "python_version >= '3.6'",
            "version": "==0.8.0"
        },
        "unicodedata2": {
            "hashes": [
                "sha256:084186dfe2b7284d3e78d7120efde6df995f0ec9dea225bc70dafe103601a931",
                "sha256:08bed68570fe665f3627056cd7efc8d45f682d1ad442361f5e6caf2ed1c177ba",
                "sha256:102a9610e0947e125772ab228059c7e919b35237d6888a5fcdfbbb732a8e6a58",
                "sha256:147e9b3f9363d774e79ec11c5cb8d1bc4bc6043b7c98ed82656fcd6c95e26a7f",
                "sha256:14ce249af737e35bd7973d178b69a8ff4794841beca1b620dae1b6c22dd2f9d2",
                "sha256:26ad36d7a1c6ab652d66e29e844b4d2afd71c718d37a85140bba64b228eb3adc",
                "sha256:35c1eb9de478b72164e062c7cb67e7594e829fc7ff718cb5b125e6240257291a",
                "sha256:3600d241a189e543be50412ce53e02db3120d8cae4c3add38a6cc443e853903a",
                "sha256:4d2aed77b06c1b6e74a15c0d56c3af7d16072e4abf4dbe55635e7a7ceb123e88",
                "sha256:6fd926c8a3d0ab4b8f36c94df9a8540cb8a77221c8936a2f546483fbdf38b3e5",
                "sha256:741919f9f1794bb89934598167b85934bccb50900e246b3af8805570e816215d",
                "sha256:7ff3da0536bc9e447abbe702b8032b4469f6e9726ed66527eb9656b9a90f376c",
                "sha256:8c9a60d73d7baea980dc45d23e8a33d7734e94e2c8712ed68b46849e88683726",
                "sha256:92b5cc2ed195f03cf2fac1226cbc825f2df9f0cf2fc8b6f13d1292251bf6f6d6",
                "sha256:95173328ee8010f30bcfad6e69f47bc22256049e276bff29d28d8a52e65e0e70",
                "sha256:97aaa94497a6fcdc75f7afcc35eccd5061467298b600f473304582f32e27e30f",
                "sha256:a5e1ad768e8366b882b0bc3c7b06f48c14df6d3e75c25baccf7af11655e4d742",
                "sha256:a83e504fb0e8ed4757194e61c3f7b69fb3c914856057bea968d0950f80f947fa",
                "sha256:abecf04a0cc2c72d48173ddfc3dadf9397d64ce9724a08b0f052920707a5a9ec",
                "sha256:ba94e331ad771093bedd8341186d2f909dd7c8328dd99c15dc8f6d5730b38ab3",
                "sha256:cca8965804c9765a22f2bc7241a944cd58539c0b8d92f7933ec1cfc44804067a",
                "sha256:d4e3312b6c7b98516a52243023d6c74c986cd6ce2bcad65bfa895a2b0c905426",
                "sha256:da52826de69076a277d5460ee36d95db7cc1a12d4f2ffb45807dcaf0488094d9",
                "sha256:db2c63a214720caead3a8eba87b593558e0cb7dddbafaaa0a5d91f98553e8aad",
                "sha256:e3561d2a1ab55882723b78d9f91b7f98e708bfe3587982e67813947051db3502",
                "sha256:e5b992e4db51488a9756718f29cdad025cd2b7f6694d49524eca9723b21d000a",
                "sha256:f60ab375275073a8328f21e1bac0bf3b17956aff910c1f868befbbf78c3cd02f"
            ],
            "version": "==13.0.0.post2"
        }
    },
    "develop": {}
}
